// !$*UTF8*$!
{
	archiveVersion = 1;
	classes = {
	};
	objectVersion = 56;
	objects = {

/* Begin PBXBuildFile section */
		3F1A01432BA4F9FA008AB721 /* ViewExtensions.swift in Sources */ = {isa = PBXBuildFile; fileRef = 3F1A01422BA4F9FA008AB721 /* ViewExtensions.swift */; };
		3F3900D52BDEC28200E51AF4 /* SelectCityScreen.swift in Sources */ = {isa = PBXBuildFile; fileRef = 3F3900D42BDEC28200E51AF4 /* SelectCityScreen.swift */; };
		3F3900D72BDEC44C00E51AF4 /* HomeScreen.swift in Sources */ = {isa = PBXBuildFile; fileRef = 3F3900D62BDEC44C00E51AF4 /* HomeScreen.swift */; };
		3F3900D92BDEC74E00E51AF4 /* BusinessItemView.swift in Sources */ = {isa = PBXBuildFile; fileRef = 3F3900D82BDEC74E00E51AF4 /* BusinessItemView.swift */; };
		3F3900DB2BDECAE600E51AF4 /* BusinessListScreen.swift in Sources */ = {isa = PBXBuildFile; fileRef = 3F3900DA2BDECAE600E51AF4 /* BusinessListScreen.swift */; };
		3F3900DE2BDECD3900E51AF4 /* Business.swift in Sources */ = {isa = PBXBuildFile; fileRef = 3F3900DD2BDECD3900E51AF4 /* Business.swift */; };
		3F3900E02BDED0CC00E51AF4 /* BusinessDetailsScreen.swift in Sources */ = {isa = PBXBuildFile; fileRef = 3F3900DF2BDED0CC00E51AF4 /* BusinessDetailsScreen.swift */; };
		3F3900E22BDED34600E51AF4 /* IconButton.swift in Sources */ = {isa = PBXBuildFile; fileRef = 3F3900E12BDED34600E51AF4 /* IconButton.swift */; };
		3F3900E42BDED43A00E51AF4 /* BusinessDetailItemRow.swift in Sources */ = {isa = PBXBuildFile; fileRef = 3F3900E32BDED43A00E51AF4 /* BusinessDetailItemRow.swift */; };
		3F3979672BA2541E0095E2A1 /* LoginScreen.swift in Sources */ = {isa = PBXBuildFile; fileRef = 3F3979662BA2541E0095E2A1 /* LoginScreen.swift */; };
		3F3979692BA254DD0095E2A1 /* Assets.swift in Sources */ = {isa = PBXBuildFile; fileRef = 3F3979682BA254DD0095E2A1 /* Assets.swift */; };
		3F39796C2BA2591D0095E2A1 /* FilledButton.swift in Sources */ = {isa = PBXBuildFile; fileRef = 3F39796B2BA2591D0095E2A1 /* FilledButton.swift */; };
		3F39796E2BA25A100095E2A1 /* PlainButton.swift in Sources */ = {isa = PBXBuildFile; fileRef = 3F39796D2BA25A100095E2A1 /* PlainButton.swift */; };
		3F4005C82BE187FB002B7D5F /* ProfileScreen.swift in Sources */ = {isa = PBXBuildFile; fileRef = 3F4005C72BE187FB002B7D5F /* ProfileScreen.swift */; };
		3F4005CA2BE18AD4002B7D5F /* ProfileSectionButton.swift in Sources */ = {isa = PBXBuildFile; fileRef = 3F4005C92BE18AD4002B7D5F /* ProfileSectionButton.swift */; };
		3F44320C2C0653F700434223 /* NetworkExtensions.swift in Sources */ = {isa = PBXBuildFile; fileRef = 3F44320B2C0653F700434223 /* NetworkExtensions.swift */; };
		3F44320F2C06557400434223 /* HttpMethod.swift in Sources */ = {isa = PBXBuildFile; fileRef = 3F44320E2C06557400434223 /* HttpMethod.swift */; };
		3F4432112C0655D900434223 /* UserDefaultsManager.swift in Sources */ = {isa = PBXBuildFile; fileRef = 3F4432102C0655D900434223 /* UserDefaultsManager.swift */; };
		3F4432132C06564B00434223 /* UserDefaultKeys.swift in Sources */ = {isa = PBXBuildFile; fileRef = 3F4432122C06564B00434223 /* UserDefaultKeys.swift */; };
		3F4432152C06627500434223 /* Location.swift in Sources */ = {isa = PBXBuildFile; fileRef = 3F4432142C06627500434223 /* Location.swift */; };
		3F4432172C06628500434223 /* Review.swift in Sources */ = {isa = PBXBuildFile; fileRef = 3F4432162C06628500434223 /* Review.swift */; };
		3F44321A2C06634E00434223 /* BusinessListViewModel.swift in Sources */ = {isa = PBXBuildFile; fileRef = 3F4432192C06634E00434223 /* BusinessListViewModel.swift */; };
		3F47FB632C0BCDB7009EA767 /* BookScreen.swift in Sources */ = {isa = PBXBuildFile; fileRef = 3F47FB622C0BCDB7009EA767 /* BookScreen.swift */; };
		3F47FB652C0BCE1C009EA767 /* BookViewModel.swift in Sources */ = {isa = PBXBuildFile; fileRef = 3F47FB642C0BCE1C009EA767 /* BookViewModel.swift */; };
		3F47FB672C0BCE5D009EA767 /* Hour.swift in Sources */ = {isa = PBXBuildFile; fileRef = 3F47FB662C0BCE5D009EA767 /* Hour.swift */; };
		3F47FB692C0BCF20009EA767 /* AvailableHoursRequest.swift in Sources */ = {isa = PBXBuildFile; fileRef = 3F47FB682C0BCF20009EA767 /* AvailableHoursRequest.swift */; };
		3F4B1AA32BF6930600556803 /* User.swift in Sources */ = {isa = PBXBuildFile; fileRef = 3F4B1AA22BF6930600556803 /* User.swift */; };
		3F4B1AA62BF6936D00556803 /* NetworkManager.swift in Sources */ = {isa = PBXBuildFile; fileRef = 3F4B1AA52BF6936D00556803 /* NetworkManager.swift */; };
		3F4B1AA82BF6944D00556803 /* NetworkError.swift in Sources */ = {isa = PBXBuildFile; fileRef = 3F4B1AA72BF6944D00556803 /* NetworkError.swift */; };
		3F4B1AAB2BF6956500556803 /* RegisterViewModel.swift in Sources */ = {isa = PBXBuildFile; fileRef = 3F4B1AAA2BF6956500556803 /* RegisterViewModel.swift */; };
		3F4B1AAE2BF695C100556803 /* RegisterRequest.swift in Sources */ = {isa = PBXBuildFile; fileRef = 3F4B1AAD2BF695C100556803 /* RegisterRequest.swift */; };
		3F4B1AB02BF6961500556803 /* ApiConstants.swift in Sources */ = {isa = PBXBuildFile; fileRef = 3F4B1AAF2BF6961500556803 /* ApiConstants.swift */; };
		3F4B1AB22BF6992300556803 /* ErrorResponse.swift in Sources */ = {isa = PBXBuildFile; fileRef = 3F4B1AB12BF6992300556803 /* ErrorResponse.swift */; };
		3F4B1AB42BF6A0BA00556803 /* Endpoint.swift in Sources */ = {isa = PBXBuildFile; fileRef = 3F4B1AB32BF6A0BA00556803 /* Endpoint.swift */; };
		3F4B1AB72BF6A42500556803 /* Alamofire in Frameworks */ = {isa = PBXBuildFile; productRef = 3F4B1AB62BF6A42500556803 /* Alamofire */; };
		3F4B1AB92BF6A42500556803 /* AlamofireDynamic in Frameworks */ = {isa = PBXBuildFile; productRef = 3F4B1AB82BF6A42500556803 /* AlamofireDynamic */; };
		3F6FCE2E2C08FAA10057B34E /* ProfileViewModel.swift in Sources */ = {isa = PBXBuildFile; fileRef = 3F6FCE2D2C08FAA10057B34E /* ProfileViewModel.swift */; };
		3F6FCE302C09021B0057B34E /* Workday.swift in Sources */ = {isa = PBXBuildFile; fileRef = 3F6FCE2F2C09021B0057B34E /* Workday.swift */; };
		3F7516852C0CACEA00FA06F0 /* BookingRequest.swift in Sources */ = {isa = PBXBuildFile; fileRef = 3F7516842C0CACEA00FA06F0 /* BookingRequest.swift */; };
		3F7516872C0CB16A00FA06F0 /* EmptyResponse.swift in Sources */ = {isa = PBXBuildFile; fileRef = 3F7516862C0CB16A00FA06F0 /* EmptyResponse.swift */; };
		3F7878992BAB81C400C799C7 /* GoogleService-Info.plist in Resources */ = {isa = PBXBuildFile; fileRef = 3F7878982BAB81C400C799C7 /* GoogleService-Info.plist */; };
		3F78789C2BAB82A200C799C7 /* FirebaseAnalytics in Frameworks */ = {isa = PBXBuildFile; productRef = 3F78789B2BAB82A200C799C7 /* FirebaseAnalytics */; };
		3F78789E2BAB82A200C799C7 /* FirebaseAnalyticsOnDeviceConversion in Frameworks */ = {isa = PBXBuildFile; productRef = 3F78789D2BAB82A200C799C7 /* FirebaseAnalyticsOnDeviceConversion */; };
		3F7878A02BAB82A200C799C7 /* FirebaseAnalyticsSwift in Frameworks */ = {isa = PBXBuildFile; productRef = 3F78789F2BAB82A200C799C7 /* FirebaseAnalyticsSwift */; };
		3F7878A22BAB82A200C799C7 /* FirebaseAnalyticsWithoutAdIdSupport in Frameworks */ = {isa = PBXBuildFile; productRef = 3F7878A12BAB82A200C799C7 /* FirebaseAnalyticsWithoutAdIdSupport */; };
		3F7878A42BAB82A200C799C7 /* FirebaseAppCheck in Frameworks */ = {isa = PBXBuildFile; productRef = 3F7878A32BAB82A200C799C7 /* FirebaseAppCheck */; };
		3F7878A62BAB82A200C799C7 /* FirebaseAppDistribution-Beta in Frameworks */ = {isa = PBXBuildFile; productRef = 3F7878A52BAB82A200C799C7 /* FirebaseAppDistribution-Beta */; };
		3F7878A82BAB82A200C799C7 /* FirebaseAuth in Frameworks */ = {isa = PBXBuildFile; productRef = 3F7878A72BAB82A200C799C7 /* FirebaseAuth */; };
		3F7878AA2BAB82A200C799C7 /* FirebaseAuthCombine-Community in Frameworks */ = {isa = PBXBuildFile; productRef = 3F7878A92BAB82A200C799C7 /* FirebaseAuthCombine-Community */; };
		3F7878AC2BAB82A200C799C7 /* FirebaseCrashlytics in Frameworks */ = {isa = PBXBuildFile; productRef = 3F7878AB2BAB82A200C799C7 /* FirebaseCrashlytics */; };
		3F7878AE2BAB82A200C799C7 /* FirebaseDatabase in Frameworks */ = {isa = PBXBuildFile; productRef = 3F7878AD2BAB82A200C799C7 /* FirebaseDatabase */; };
		3F7878B02BAB82A200C799C7 /* FirebaseDatabaseSwift in Frameworks */ = {isa = PBXBuildFile; productRef = 3F7878AF2BAB82A200C799C7 /* FirebaseDatabaseSwift */; };
		3F7878B22BAB82A200C799C7 /* FirebaseDynamicLinks in Frameworks */ = {isa = PBXBuildFile; productRef = 3F7878B12BAB82A200C799C7 /* FirebaseDynamicLinks */; };
		3F7878B42BAB82A200C799C7 /* FirebaseFirestore in Frameworks */ = {isa = PBXBuildFile; productRef = 3F7878B32BAB82A200C799C7 /* FirebaseFirestore */; };
		3F7878B62BAB82A200C799C7 /* FirebaseFirestoreCombine-Community in Frameworks */ = {isa = PBXBuildFile; productRef = 3F7878B52BAB82A200C799C7 /* FirebaseFirestoreCombine-Community */; };
		3F7878B82BAB82A200C799C7 /* FirebaseFirestoreSwift in Frameworks */ = {isa = PBXBuildFile; productRef = 3F7878B72BAB82A200C799C7 /* FirebaseFirestoreSwift */; };
		3F7878BA2BAB82A200C799C7 /* FirebaseFunctions in Frameworks */ = {isa = PBXBuildFile; productRef = 3F7878B92BAB82A200C799C7 /* FirebaseFunctions */; };
		3F7878BC2BAB82A200C799C7 /* FirebaseFunctionsCombine-Community in Frameworks */ = {isa = PBXBuildFile; productRef = 3F7878BB2BAB82A200C799C7 /* FirebaseFunctionsCombine-Community */; };
		3F7878BE2BAB82A200C799C7 /* FirebaseInAppMessaging-Beta in Frameworks */ = {isa = PBXBuildFile; productRef = 3F7878BD2BAB82A200C799C7 /* FirebaseInAppMessaging-Beta */; };
		3F7878C02BAB82A200C799C7 /* FirebaseInAppMessagingSwift-Beta in Frameworks */ = {isa = PBXBuildFile; productRef = 3F7878BF2BAB82A200C799C7 /* FirebaseInAppMessagingSwift-Beta */; };
		3F7878C22BAB82A200C799C7 /* FirebaseInstallations in Frameworks */ = {isa = PBXBuildFile; productRef = 3F7878C12BAB82A200C799C7 /* FirebaseInstallations */; };
		3F7878C42BAB82A200C799C7 /* FirebaseMLModelDownloader in Frameworks */ = {isa = PBXBuildFile; productRef = 3F7878C32BAB82A200C799C7 /* FirebaseMLModelDownloader */; };
		3F7878C62BAB82A200C799C7 /* FirebaseMessaging in Frameworks */ = {isa = PBXBuildFile; productRef = 3F7878C52BAB82A200C799C7 /* FirebaseMessaging */; };
		3F7878C82BAB82A200C799C7 /* FirebasePerformance in Frameworks */ = {isa = PBXBuildFile; productRef = 3F7878C72BAB82A200C799C7 /* FirebasePerformance */; };
		3F7878CA2BAB82A200C799C7 /* FirebaseRemoteConfig in Frameworks */ = {isa = PBXBuildFile; productRef = 3F7878C92BAB82A200C799C7 /* FirebaseRemoteConfig */; };
		3F7878CC2BAB82A200C799C7 /* FirebaseRemoteConfigSwift in Frameworks */ = {isa = PBXBuildFile; productRef = 3F7878CB2BAB82A200C799C7 /* FirebaseRemoteConfigSwift */; };
		3F7878CE2BAB82A200C799C7 /* FirebaseStorage in Frameworks */ = {isa = PBXBuildFile; productRef = 3F7878CD2BAB82A200C799C7 /* FirebaseStorage */; };
		3F7878D02BAB82A200C799C7 /* FirebaseStorageCombine-Community in Frameworks */ = {isa = PBXBuildFile; productRef = 3F7878CF2BAB82A200C799C7 /* FirebaseStorageCombine-Community */; };
		3F7B511E2C0D0D6A00BF610D /* UserRequest.swift in Sources */ = {isa = PBXBuildFile; fileRef = 3F7B511D2C0D0D6A00BF610D /* UserRequest.swift */; };
		3F91911F2BE2C3980081EEA0 /* EditProfileScreen.swift in Sources */ = {isa = PBXBuildFile; fileRef = 3F91911E2BE2C3980081EEA0 /* EditProfileScreen.swift */; };
		3F9692D52C0E3B5E00241109 /* ReservationsViewModel.swift in Sources */ = {isa = PBXBuildFile; fileRef = 3F9692D42C0E3B5E00241109 /* ReservationsViewModel.swift */; };
		3F9692D82C0E3D8800241109 /* ReservationStatus.swift in Sources */ = {isa = PBXBuildFile; fileRef = 3F9692D72C0E3D8800241109 /* ReservationStatus.swift */; };
		3F9692DA2C0E440500241109 /* CancelReservationRequest.swift in Sources */ = {isa = PBXBuildFile; fileRef = 3F9692D92C0E440500241109 /* CancelReservationRequest.swift */; };
		3FC874312B8BD6AE00770A17 /* ReservyApp.swift in Sources */ = {isa = PBXBuildFile; fileRef = 3FC874302B8BD6AE00770A17 /* ReservyApp.swift */; };
		3FC874332B8BD6AE00770A17 /* ContentView.swift in Sources */ = {isa = PBXBuildFile; fileRef = 3FC874322B8BD6AE00770A17 /* ContentView.swift */; };
		3FC874352B8BD6AF00770A17 /* Assets.xcassets in Resources */ = {isa = PBXBuildFile; fileRef = 3FC874342B8BD6AF00770A17 /* Assets.xcassets */; };
		3FC874382B8BD6AF00770A17 /* Preview Assets.xcassets in Resources */ = {isa = PBXBuildFile; fileRef = 3FC874372B8BD6AF00770A17 /* Preview Assets.xcassets */; };
		3FC874402B8BDA8A00770A17 /* Colors.swift in Sources */ = {isa = PBXBuildFile; fileRef = 3FC8743F2B8BDA8A00770A17 /* Colors.swift */; };
		3FC874442B8BDD2000770A17 /* SplashScreen.swift in Sources */ = {isa = PBXBuildFile; fileRef = 3FC874432B8BDD2000770A17 /* SplashScreen.swift */; };
		3FCCC4F92BA65C1A001B52B7 /* RegisterScreen.swift in Sources */ = {isa = PBXBuildFile; fileRef = 3FCCC4F82BA65C1A001B52B7 /* RegisterScreen.swift */; };
		3FE118E62BE40188001DF5AB /* ReservationsScreen.swift in Sources */ = {isa = PBXBuildFile; fileRef = 3FE118E52BE40188001DF5AB /* ReservationsScreen.swift */; };
		3FE118E82BE401A0001DF5AB /* ReservationItemView.swift in Sources */ = {isa = PBXBuildFile; fileRef = 3FE118E72BE401A0001DF5AB /* ReservationItemView.swift */; };
		3FE118EA2BE401F4001DF5AB /* Reservation.swift in Sources */ = {isa = PBXBuildFile; fileRef = 3FE118E92BE401F4001DF5AB /* Reservation.swift */; };
		3FE118ED2BE40CD8001DF5AB /* AuthManager.swift in Sources */ = {isa = PBXBuildFile; fileRef = 3FE118EC2BE40CD8001DF5AB /* AuthManager.swift */; };
		3FED20DB2C052361009E2F9F /* LoginViewModel.swift in Sources */ = {isa = PBXBuildFile; fileRef = 3FED20DA2C052361009E2F9F /* LoginViewModel.swift */; };
		3FED20DD2C052427009E2F9F /* LoginRequest.swift in Sources */ = {isa = PBXBuildFile; fileRef = 3FED20DC2C052427009E2F9F /* LoginRequest.swift */; };
		3FED20DF2C0525ED009E2F9F /* BaseResponse.swift in Sources */ = {isa = PBXBuildFile; fileRef = 3FED20DE2C0525ED009E2F9F /* BaseResponse.swift */; };
/* End PBXBuildFile section */

/* Begin PBXFileReference section */
		3F1A01422BA4F9FA008AB721 /* ViewExtensions.swift */ = {isa = PBXFileReference; lastKnownFileType = sourcecode.swift; path = ViewExtensions.swift; sourceTree = "<group>"; };
		3F3900D42BDEC28200E51AF4 /* SelectCityScreen.swift */ = {isa = PBXFileReference; lastKnownFileType = sourcecode.swift; path = SelectCityScreen.swift; sourceTree = "<group>"; };
		3F3900D62BDEC44C00E51AF4 /* HomeScreen.swift */ = {isa = PBXFileReference; lastKnownFileType = sourcecode.swift; path = HomeScreen.swift; sourceTree = "<group>"; };
		3F3900D82BDEC74E00E51AF4 /* BusinessItemView.swift */ = {isa = PBXFileReference; lastKnownFileType = sourcecode.swift; path = BusinessItemView.swift; sourceTree = "<group>"; };
		3F3900DA2BDECAE600E51AF4 /* BusinessListScreen.swift */ = {isa = PBXFileReference; lastKnownFileType = sourcecode.swift; path = BusinessListScreen.swift; sourceTree = "<group>"; };
		3F3900DD2BDECD3900E51AF4 /* Business.swift */ = {isa = PBXFileReference; lastKnownFileType = sourcecode.swift; path = Business.swift; sourceTree = "<group>"; };
		3F3900DF2BDED0CC00E51AF4 /* BusinessDetailsScreen.swift */ = {isa = PBXFileReference; lastKnownFileType = sourcecode.swift; path = BusinessDetailsScreen.swift; sourceTree = "<group>"; };
		3F3900E12BDED34600E51AF4 /* IconButton.swift */ = {isa = PBXFileReference; lastKnownFileType = sourcecode.swift; path = IconButton.swift; sourceTree = "<group>"; };
		3F3900E32BDED43A00E51AF4 /* BusinessDetailItemRow.swift */ = {isa = PBXFileReference; lastKnownFileType = sourcecode.swift; path = BusinessDetailItemRow.swift; sourceTree = "<group>"; };
		3F3979662BA2541E0095E2A1 /* LoginScreen.swift */ = {isa = PBXFileReference; lastKnownFileType = sourcecode.swift; path = LoginScreen.swift; sourceTree = "<group>"; };
		3F3979682BA254DD0095E2A1 /* Assets.swift */ = {isa = PBXFileReference; lastKnownFileType = sourcecode.swift; path = Assets.swift; sourceTree = "<group>"; };
		3F39796B2BA2591D0095E2A1 /* FilledButton.swift */ = {isa = PBXFileReference; lastKnownFileType = sourcecode.swift; path = FilledButton.swift; sourceTree = "<group>"; };
		3F39796D2BA25A100095E2A1 /* PlainButton.swift */ = {isa = PBXFileReference; lastKnownFileType = sourcecode.swift; path = PlainButton.swift; sourceTree = "<group>"; };
		3F4005C72BE187FB002B7D5F /* ProfileScreen.swift */ = {isa = PBXFileReference; lastKnownFileType = sourcecode.swift; path = ProfileScreen.swift; sourceTree = "<group>"; };
		3F4005C92BE18AD4002B7D5F /* ProfileSectionButton.swift */ = {isa = PBXFileReference; lastKnownFileType = sourcecode.swift; path = ProfileSectionButton.swift; sourceTree = "<group>"; };
		3F44320B2C0653F700434223 /* NetworkExtensions.swift */ = {isa = PBXFileReference; lastKnownFileType = sourcecode.swift; path = NetworkExtensions.swift; sourceTree = "<group>"; };
		3F44320E2C06557400434223 /* HttpMethod.swift */ = {isa = PBXFileReference; lastKnownFileType = sourcecode.swift; path = HttpMethod.swift; sourceTree = "<group>"; };
		3F4432102C0655D900434223 /* UserDefaultsManager.swift */ = {isa = PBXFileReference; lastKnownFileType = sourcecode.swift; path = UserDefaultsManager.swift; sourceTree = "<group>"; };
		3F4432122C06564B00434223 /* UserDefaultKeys.swift */ = {isa = PBXFileReference; lastKnownFileType = sourcecode.swift; path = UserDefaultKeys.swift; sourceTree = "<group>"; };
		3F4432142C06627500434223 /* Location.swift */ = {isa = PBXFileReference; lastKnownFileType = sourcecode.swift; path = Location.swift; sourceTree = "<group>"; };
		3F4432162C06628500434223 /* Review.swift */ = {isa = PBXFileReference; lastKnownFileType = sourcecode.swift; path = Review.swift; sourceTree = "<group>"; };
		3F4432192C06634E00434223 /* BusinessListViewModel.swift */ = {isa = PBXFileReference; lastKnownFileType = sourcecode.swift; path = BusinessListViewModel.swift; sourceTree = "<group>"; };
		3F47FB622C0BCDB7009EA767 /* BookScreen.swift */ = {isa = PBXFileReference; lastKnownFileType = sourcecode.swift; name = BookScreen.swift; path = Reservy/Presentation/Screen/Book/BookScreen.swift; sourceTree = SOURCE_ROOT; };
		3F47FB642C0BCE1C009EA767 /* BookViewModel.swift */ = {isa = PBXFileReference; lastKnownFileType = sourcecode.swift; name = BookViewModel.swift; path = Reservy/Presentation/Screen/Book/BookViewModel.swift; sourceTree = SOURCE_ROOT; };
		3F47FB662C0BCE5D009EA767 /* Hour.swift */ = {isa = PBXFileReference; lastKnownFileType = sourcecode.swift; path = Hour.swift; sourceTree = "<group>"; };
		3F47FB682C0BCF20009EA767 /* AvailableHoursRequest.swift */ = {isa = PBXFileReference; lastKnownFileType = sourcecode.swift; path = AvailableHoursRequest.swift; sourceTree = "<group>"; };
		3F4B1AA22BF6930600556803 /* User.swift */ = {isa = PBXFileReference; lastKnownFileType = sourcecode.swift; path = User.swift; sourceTree = "<group>"; };
		3F4B1AA52BF6936D00556803 /* NetworkManager.swift */ = {isa = PBXFileReference; lastKnownFileType = sourcecode.swift; path = NetworkManager.swift; sourceTree = "<group>"; };
		3F4B1AA72BF6944D00556803 /* NetworkError.swift */ = {isa = PBXFileReference; lastKnownFileType = sourcecode.swift; path = NetworkError.swift; sourceTree = "<group>"; };
		3F4B1AAA2BF6956500556803 /* RegisterViewModel.swift */ = {isa = PBXFileReference; lastKnownFileType = sourcecode.swift; path = RegisterViewModel.swift; sourceTree = "<group>"; };
		3F4B1AAD2BF695C100556803 /* RegisterRequest.swift */ = {isa = PBXFileReference; lastKnownFileType = sourcecode.swift; path = RegisterRequest.swift; sourceTree = "<group>"; };
		3F4B1AAF2BF6961500556803 /* ApiConstants.swift */ = {isa = PBXFileReference; lastKnownFileType = sourcecode.swift; path = ApiConstants.swift; sourceTree = "<group>"; };
		3F4B1AB12BF6992300556803 /* ErrorResponse.swift */ = {isa = PBXFileReference; lastKnownFileType = sourcecode.swift; path = ErrorResponse.swift; sourceTree = "<group>"; };
		3F4B1AB32BF6A0BA00556803 /* Endpoint.swift */ = {isa = PBXFileReference; lastKnownFileType = sourcecode.swift; path = Endpoint.swift; sourceTree = "<group>"; };
		3F6FCE2D2C08FAA10057B34E /* ProfileViewModel.swift */ = {isa = PBXFileReference; lastKnownFileType = sourcecode.swift; path = ProfileViewModel.swift; sourceTree = "<group>"; };
		3F6FCE2F2C09021B0057B34E /* Workday.swift */ = {isa = PBXFileReference; lastKnownFileType = sourcecode.swift; path = Workday.swift; sourceTree = "<group>"; };
		3F7516842C0CACEA00FA06F0 /* BookingRequest.swift */ = {isa = PBXFileReference; lastKnownFileType = sourcecode.swift; path = BookingRequest.swift; sourceTree = "<group>"; };
		3F7516862C0CB16A00FA06F0 /* EmptyResponse.swift */ = {isa = PBXFileReference; lastKnownFileType = sourcecode.swift; path = EmptyResponse.swift; sourceTree = "<group>"; };
		3F7878982BAB81C400C799C7 /* GoogleService-Info.plist */ = {isa = PBXFileReference; fileEncoding = 4; lastKnownFileType = text.plist.xml; path = "GoogleService-Info.plist"; sourceTree = "<group>"; };
		3F7B511D2C0D0D6A00BF610D /* UserRequest.swift */ = {isa = PBXFileReference; lastKnownFileType = sourcecode.swift; path = UserRequest.swift; sourceTree = "<group>"; };
		3F91911E2BE2C3980081EEA0 /* EditProfileScreen.swift */ = {isa = PBXFileReference; lastKnownFileType = sourcecode.swift; path = EditProfileScreen.swift; sourceTree = "<group>"; };
		3F9692D42C0E3B5E00241109 /* ReservationsViewModel.swift */ = {isa = PBXFileReference; lastKnownFileType = sourcecode.swift; path = ReservationsViewModel.swift; sourceTree = "<group>"; };
		3F9692D72C0E3D8800241109 /* ReservationStatus.swift */ = {isa = PBXFileReference; lastKnownFileType = sourcecode.swift; path = ReservationStatus.swift; sourceTree = "<group>"; };
		3F9692D92C0E440500241109 /* CancelReservationRequest.swift */ = {isa = PBXFileReference; lastKnownFileType = sourcecode.swift; path = CancelReservationRequest.swift; sourceTree = "<group>"; };
		3FC8742D2B8BD6AE00770A17 /* Reservy.app */ = {isa = PBXFileReference; explicitFileType = wrapper.application; includeInIndex = 0; path = Reservy.app; sourceTree = BUILT_PRODUCTS_DIR; };
		3FC874302B8BD6AE00770A17 /* ReservyApp.swift */ = {isa = PBXFileReference; lastKnownFileType = sourcecode.swift; path = ReservyApp.swift; sourceTree = "<group>"; };
		3FC874322B8BD6AE00770A17 /* ContentView.swift */ = {isa = PBXFileReference; lastKnownFileType = sourcecode.swift; path = ContentView.swift; sourceTree = "<group>"; };
		3FC874342B8BD6AF00770A17 /* Assets.xcassets */ = {isa = PBXFileReference; lastKnownFileType = folder.assetcatalog; path = Assets.xcassets; sourceTree = "<group>"; };
		3FC874372B8BD6AF00770A17 /* Preview Assets.xcassets */ = {isa = PBXFileReference; lastKnownFileType = folder.assetcatalog; path = "Preview Assets.xcassets"; sourceTree = "<group>"; };
		3FC8743F2B8BDA8A00770A17 /* Colors.swift */ = {isa = PBXFileReference; lastKnownFileType = sourcecode.swift; path = Colors.swift; sourceTree = "<group>"; };
		3FC874432B8BDD2000770A17 /* SplashScreen.swift */ = {isa = PBXFileReference; lastKnownFileType = sourcecode.swift; path = SplashScreen.swift; sourceTree = "<group>"; };
		3FC874452B8BE5BF00770A17 /* Info.plist */ = {isa = PBXFileReference; lastKnownFileType = text.plist; path = Info.plist; sourceTree = "<group>"; };
		3FCCC4F82BA65C1A001B52B7 /* RegisterScreen.swift */ = {isa = PBXFileReference; lastKnownFileType = sourcecode.swift; path = RegisterScreen.swift; sourceTree = "<group>"; };
		3FE118E52BE40188001DF5AB /* ReservationsScreen.swift */ = {isa = PBXFileReference; lastKnownFileType = sourcecode.swift; path = ReservationsScreen.swift; sourceTree = "<group>"; };
		3FE118E72BE401A0001DF5AB /* ReservationItemView.swift */ = {isa = PBXFileReference; lastKnownFileType = sourcecode.swift; path = ReservationItemView.swift; sourceTree = "<group>"; };
		3FE118E92BE401F4001DF5AB /* Reservation.swift */ = {isa = PBXFileReference; lastKnownFileType = sourcecode.swift; path = Reservation.swift; sourceTree = "<group>"; };
		3FE118EC2BE40CD8001DF5AB /* AuthManager.swift */ = {isa = PBXFileReference; lastKnownFileType = sourcecode.swift; path = AuthManager.swift; sourceTree = "<group>"; };
		3FED20DA2C052361009E2F9F /* LoginViewModel.swift */ = {isa = PBXFileReference; lastKnownFileType = sourcecode.swift; path = LoginViewModel.swift; sourceTree = "<group>"; };
		3FED20DC2C052427009E2F9F /* LoginRequest.swift */ = {isa = PBXFileReference; lastKnownFileType = sourcecode.swift; path = LoginRequest.swift; sourceTree = "<group>"; };
		3FED20DE2C0525ED009E2F9F /* BaseResponse.swift */ = {isa = PBXFileReference; lastKnownFileType = sourcecode.swift; path = BaseResponse.swift; sourceTree = "<group>"; };
/* End PBXFileReference section */

/* Begin PBXFrameworksBuildPhase section */
		3FC8742A2B8BD6AE00770A17 /* Frameworks */ = {
			isa = PBXFrameworksBuildPhase;
			buildActionMask = 2147483647;
			files = (
				3F7878AE2BAB82A200C799C7 /* FirebaseDatabase in Frameworks */,
				3F4B1AB72BF6A42500556803 /* Alamofire in Frameworks */,
				3F7878BC2BAB82A200C799C7 /* FirebaseFunctionsCombine-Community in Frameworks */,
				3F7878B42BAB82A200C799C7 /* FirebaseFirestore in Frameworks */,
				3F7878A02BAB82A200C799C7 /* FirebaseAnalyticsSwift in Frameworks */,
				3F78789C2BAB82A200C799C7 /* FirebaseAnalytics in Frameworks */,
				3F78789E2BAB82A200C799C7 /* FirebaseAnalyticsOnDeviceConversion in Frameworks */,
				3F7878C42BAB82A200C799C7 /* FirebaseMLModelDownloader in Frameworks */,
				3F7878B82BAB82A200C799C7 /* FirebaseFirestoreSwift in Frameworks */,
				3F7878A42BAB82A200C799C7 /* FirebaseAppCheck in Frameworks */,
				3F7878A22BAB82A200C799C7 /* FirebaseAnalyticsWithoutAdIdSupport in Frameworks */,
				3F4B1AB92BF6A42500556803 /* AlamofireDynamic in Frameworks */,
				3F7878A82BAB82A200C799C7 /* FirebaseAuth in Frameworks */,
				3F7878AC2BAB82A200C799C7 /* FirebaseCrashlytics in Frameworks */,
				3F7878CC2BAB82A200C799C7 /* FirebaseRemoteConfigSwift in Frameworks */,
				3F7878BE2BAB82A200C799C7 /* FirebaseInAppMessaging-Beta in Frameworks */,
				3F7878B02BAB82A200C799C7 /* FirebaseDatabaseSwift in Frameworks */,
				3F7878BA2BAB82A200C799C7 /* FirebaseFunctions in Frameworks */,
				3F7878D02BAB82A200C799C7 /* FirebaseStorageCombine-Community in Frameworks */,
				3F7878CA2BAB82A200C799C7 /* FirebaseRemoteConfig in Frameworks */,
				3F7878A62BAB82A200C799C7 /* FirebaseAppDistribution-Beta in Frameworks */,
				3F7878AA2BAB82A200C799C7 /* FirebaseAuthCombine-Community in Frameworks */,
				3F7878C82BAB82A200C799C7 /* FirebasePerformance in Frameworks */,
				3F7878C02BAB82A200C799C7 /* FirebaseInAppMessagingSwift-Beta in Frameworks */,
				3F7878CE2BAB82A200C799C7 /* FirebaseStorage in Frameworks */,
				3F7878B22BAB82A200C799C7 /* FirebaseDynamicLinks in Frameworks */,
				3F7878B62BAB82A200C799C7 /* FirebaseFirestoreCombine-Community in Frameworks */,
				3F7878C62BAB82A200C799C7 /* FirebaseMessaging in Frameworks */,
				3F7878C22BAB82A200C799C7 /* FirebaseInstallations in Frameworks */,
			);
			runOnlyForDeploymentPostprocessing = 0;
		};
/* End PBXFrameworksBuildPhase section */

/* Begin PBXGroup section */
		3F1A013F2BA4F9D5008AB721 /* Utils */ = {
			isa = PBXGroup;
			children = (
				3F1A01402BA4F9E3008AB721 /* Extensions */,
				3FC8743E2B8BDA7800770A17 /* Constants */,
			);
			path = Utils;
			sourceTree = "<group>";
		};
		3F1A01402BA4F9E3008AB721 /* Extensions */ = {
			isa = PBXGroup;
			children = (
				3F1A01422BA4F9FA008AB721 /* ViewExtensions.swift */,
				3F44320B2C0653F700434223 /* NetworkExtensions.swift */,
			);
			path = Extensions;
			sourceTree = "<group>";
		};
		3F3900DC2BDECD2D00E51AF4 /* Model */ = {
			isa = PBXGroup;
			children = (
				3F9692D62C0E3D7C00241109 /* Enum */,
				3F3900DD2BDECD3900E51AF4 /* Business.swift */,
				3FE118E92BE401F4001DF5AB /* Reservation.swift */,
				3F4B1AA22BF6930600556803 /* User.swift */,
				3F4432142C06627500434223 /* Location.swift */,
				3F4432162C06628500434223 /* Review.swift */,
				3F6FCE2F2C09021B0057B34E /* Workday.swift */,
				3F47FB662C0BCE5D009EA767 /* Hour.swift */,
			);
			path = Model;
			sourceTree = "<group>";
		};
		3F3979652BA253E30095E2A1 /* Presentation */ = {
			isa = PBXGroup;
			children = (
				3F91911D2BE2C36C0081EEA0 /* Screen */,
				3F39796A2BA258F90095E2A1 /* Component */,
			);
			path = Presentation;
			sourceTree = "<group>";
		};
		3F39796A2BA258F90095E2A1 /* Component */ = {
			isa = PBXGroup;
			children = (
				3F39796B2BA2591D0095E2A1 /* FilledButton.swift */,
				3F39796D2BA25A100095E2A1 /* PlainButton.swift */,
				3F3900D82BDEC74E00E51AF4 /* BusinessItemView.swift */,
				3F3900E12BDED34600E51AF4 /* IconButton.swift */,
				3F3900E32BDED43A00E51AF4 /* BusinessDetailItemRow.swift */,
				3F4005C92BE18AD4002B7D5F /* ProfileSectionButton.swift */,
				3FE118E72BE401A0001DF5AB /* ReservationItemView.swift */,
			);
			path = Component;
			sourceTree = "<group>";
		};
		3F44320D2C06555600434223 /* Enum */ = {
			isa = PBXGroup;
			children = (
				3F4B1AA72BF6944D00556803 /* NetworkError.swift */,
				3F4B1AB32BF6A0BA00556803 /* Endpoint.swift */,
				3F44320E2C06557400434223 /* HttpMethod.swift */,
			);
			path = Enum;
			sourceTree = "<group>";
		};
		3F4432182C06633100434223 /* BusinessList */ = {
			isa = PBXGroup;
			children = (
				3F3900DA2BDECAE600E51AF4 /* BusinessListScreen.swift */,
				3F4432192C06634E00434223 /* BusinessListViewModel.swift */,
			);
			path = BusinessList;
			sourceTree = "<group>";
		};
		3F4B1AA42BF6935B00556803 /* Network */ = {
			isa = PBXGroup;
			children = (
				3F44320D2C06555600434223 /* Enum */,
				3F4B1AAC2BF695AC00556803 /* Model */,
				3F4B1AA52BF6936D00556803 /* NetworkManager.swift */,
				3F4B1AAF2BF6961500556803 /* ApiConstants.swift */,
			);
			path = Network;
			sourceTree = "<group>";
		};
		3F4B1AA92BF6955400556803 /* Register */ = {
			isa = PBXGroup;
			children = (
				3FCCC4F82BA65C1A001B52B7 /* RegisterScreen.swift */,
				3F4B1AAA2BF6956500556803 /* RegisterViewModel.swift */,
			);
			path = Register;
			sourceTree = "<group>";
		};
		3F4B1AAC2BF695AC00556803 /* Model */ = {
			isa = PBXGroup;
			children = (
				3F4B1AAD2BF695C100556803 /* RegisterRequest.swift */,
				3F4B1AB12BF6992300556803 /* ErrorResponse.swift */,
				3FED20DC2C052427009E2F9F /* LoginRequest.swift */,
				3FED20DE2C0525ED009E2F9F /* BaseResponse.swift */,
				3F47FB682C0BCF20009EA767 /* AvailableHoursRequest.swift */,
				3F7516842C0CACEA00FA06F0 /* BookingRequest.swift */,
				3F7516862C0CB16A00FA06F0 /* EmptyResponse.swift */,
				3F7B511D2C0D0D6A00BF610D /* UserRequest.swift */,
				3F9692D92C0E440500241109 /* CancelReservationRequest.swift */,
			);
			path = Model;
			sourceTree = "<group>";
		};
		3F6FCE2C2C08FA900057B34E /* Profile */ = {
			isa = PBXGroup;
			children = (
				3F4005C72BE187FB002B7D5F /* ProfileScreen.swift */,
				3F6FCE2D2C08FAA10057B34E /* ProfileViewModel.swift */,
			);
			path = Profile;
			sourceTree = "<group>";
		};
		3F7B511C2C0D0C8200BF610D /* Book */ = {
			isa = PBXGroup;
			children = (
				3F47FB622C0BCDB7009EA767 /* BookScreen.swift */,
				3F47FB642C0BCE1C009EA767 /* BookViewModel.swift */,
			);
			path = Book;
			sourceTree = "<group>";
		};
		3F91911D2BE2C36C0081EEA0 /* Screen */ = {
			isa = PBXGroup;
			children = (
				3F9692D32C0E37F500241109 /* Reservations */,
				3F7B511C2C0D0C8200BF610D /* Book */,
				3F6FCE2C2C08FA900057B34E /* Profile */,
				3F4432182C06633100434223 /* BusinessList */,
				3FED20D92C052352009E2F9F /* Login */,
				3F4B1AA92BF6955400556803 /* Register */,
				3FC874432B8BDD2000770A17 /* SplashScreen.swift */,
				3F3900D42BDEC28200E51AF4 /* SelectCityScreen.swift */,
				3F3900D62BDEC44C00E51AF4 /* HomeScreen.swift */,
				3F3900DF2BDED0CC00E51AF4 /* BusinessDetailsScreen.swift */,
				3F91911E2BE2C3980081EEA0 /* EditProfileScreen.swift */,
			);
			path = Screen;
			sourceTree = "<group>";
		};
		3F9692D32C0E37F500241109 /* Reservations */ = {
			isa = PBXGroup;
			children = (
				3FE118E52BE40188001DF5AB /* ReservationsScreen.swift */,
				3F9692D42C0E3B5E00241109 /* ReservationsViewModel.swift */,
			);
			path = Reservations;
			sourceTree = "<group>";
		};
		3F9692D62C0E3D7C00241109 /* Enum */ = {
			isa = PBXGroup;
			children = (
				3F9692D72C0E3D8800241109 /* ReservationStatus.swift */,
			);
			path = Enum;
			sourceTree = "<group>";
		};
		3FC874242B8BD6AE00770A17 = {
			isa = PBXGroup;
			children = (
				3FC8742F2B8BD6AE00770A17 /* Reservy */,
				3FC8742E2B8BD6AE00770A17 /* Products */,
			);
			sourceTree = "<group>";
		};
		3FC8742E2B8BD6AE00770A17 /* Products */ = {
			isa = PBXGroup;
			children = (
				3FC8742D2B8BD6AE00770A17 /* Reservy.app */,
			);
			name = Products;
			sourceTree = "<group>";
		};
		3FC8742F2B8BD6AE00770A17 /* Reservy */ = {
			isa = PBXGroup;
			children = (
				3F4B1AA42BF6935B00556803 /* Network */,
				3FE118EB2BE40CC9001DF5AB /* Manager */,
				3F3900DC2BDECD2D00E51AF4 /* Model */,
				3F1A013F2BA4F9D5008AB721 /* Utils */,
				3F3979652BA253E30095E2A1 /* Presentation */,
				3FC874302B8BD6AE00770A17 /* ReservyApp.swift */,
				3FC874322B8BD6AE00770A17 /* ContentView.swift */,
				3FC874342B8BD6AF00770A17 /* Assets.xcassets */,
				3FC874452B8BE5BF00770A17 /* Info.plist */,
				3F7878982BAB81C400C799C7 /* GoogleService-Info.plist */,
				3FC874362B8BD6AF00770A17 /* Preview Content */,
			);
			path = Reservy;
			sourceTree = "<group>";
		};
		3FC874362B8BD6AF00770A17 /* Preview Content */ = {
			isa = PBXGroup;
			children = (
				3FC874372B8BD6AF00770A17 /* Preview Assets.xcassets */,
			);
			path = "Preview Content";
			sourceTree = "<group>";
		};
		3FC8743E2B8BDA7800770A17 /* Constants */ = {
			isa = PBXGroup;
			children = (
				3FC8743F2B8BDA8A00770A17 /* Colors.swift */,
				3F3979682BA254DD0095E2A1 /* Assets.swift */,
				3F4432122C06564B00434223 /* UserDefaultKeys.swift */,
			);
			path = Constants;
			sourceTree = "<group>";
		};
		3FE118EB2BE40CC9001DF5AB /* Manager */ = {
			isa = PBXGroup;
			children = (
				3FE118EC2BE40CD8001DF5AB /* AuthManager.swift */,
				3F4432102C0655D900434223 /* UserDefaultsManager.swift */,
			);
			path = Manager;
			sourceTree = "<group>";
		};
		3FED20D92C052352009E2F9F /* Login */ = {
			isa = PBXGroup;
			children = (
				3F3979662BA2541E0095E2A1 /* LoginScreen.swift */,
				3FED20DA2C052361009E2F9F /* LoginViewModel.swift */,
			);
			path = Login;
			sourceTree = "<group>";
		};
/* End PBXGroup section */

/* Begin PBXNativeTarget section */
		3FC8742C2B8BD6AE00770A17 /* Reservy */ = {
			isa = PBXNativeTarget;
			buildConfigurationList = 3FC8743B2B8BD6AF00770A17 /* Build configuration list for PBXNativeTarget "Reservy" */;
			buildPhases = (
				3FC874292B8BD6AE00770A17 /* Sources */,
				3FC8742A2B8BD6AE00770A17 /* Frameworks */,
				3FC8742B2B8BD6AE00770A17 /* Resources */,
			);
			buildRules = (
			);
			dependencies = (
			);
			name = Reservy;
			packageProductDependencies = (
				3F78789B2BAB82A200C799C7 /* FirebaseAnalytics */,
				3F78789D2BAB82A200C799C7 /* FirebaseAnalyticsOnDeviceConversion */,
				3F78789F2BAB82A200C799C7 /* FirebaseAnalyticsSwift */,
				3F7878A12BAB82A200C799C7 /* FirebaseAnalyticsWithoutAdIdSupport */,
				3F7878A32BAB82A200C799C7 /* FirebaseAppCheck */,
				3F7878A52BAB82A200C799C7 /* FirebaseAppDistribution-Beta */,
				3F7878A72BAB82A200C799C7 /* FirebaseAuth */,
				3F7878A92BAB82A200C799C7 /* FirebaseAuthCombine-Community */,
				3F7878AB2BAB82A200C799C7 /* FirebaseCrashlytics */,
				3F7878AD2BAB82A200C799C7 /* FirebaseDatabase */,
				3F7878AF2BAB82A200C799C7 /* FirebaseDatabaseSwift */,
				3F7878B12BAB82A200C799C7 /* FirebaseDynamicLinks */,
				3F7878B32BAB82A200C799C7 /* FirebaseFirestore */,
				3F7878B52BAB82A200C799C7 /* FirebaseFirestoreCombine-Community */,
				3F7878B72BAB82A200C799C7 /* FirebaseFirestoreSwift */,
				3F7878B92BAB82A200C799C7 /* FirebaseFunctions */,
				3F7878BB2BAB82A200C799C7 /* FirebaseFunctionsCombine-Community */,
				3F7878BD2BAB82A200C799C7 /* FirebaseInAppMessaging-Beta */,
				3F7878BF2BAB82A200C799C7 /* FirebaseInAppMessagingSwift-Beta */,
				3F7878C12BAB82A200C799C7 /* FirebaseInstallations */,
				3F7878C32BAB82A200C799C7 /* FirebaseMLModelDownloader */,
				3F7878C52BAB82A200C799C7 /* FirebaseMessaging */,
				3F7878C72BAB82A200C799C7 /* FirebasePerformance */,
				3F7878C92BAB82A200C799C7 /* FirebaseRemoteConfig */,
				3F7878CB2BAB82A200C799C7 /* FirebaseRemoteConfigSwift */,
				3F7878CD2BAB82A200C799C7 /* FirebaseStorage */,
				3F7878CF2BAB82A200C799C7 /* FirebaseStorageCombine-Community */,
				3F4B1AB62BF6A42500556803 /* Alamofire */,
				3F4B1AB82BF6A42500556803 /* AlamofireDynamic */,
			);
			productName = Reservy;
			productReference = 3FC8742D2B8BD6AE00770A17 /* Reservy.app */;
			productType = "com.apple.product-type.application";
		};
/* End PBXNativeTarget section */

/* Begin PBXProject section */
		3FC874252B8BD6AE00770A17 /* Project object */ = {
			isa = PBXProject;
			attributes = {
				BuildIndependentTargetsInParallel = 1;
				LastSwiftUpdateCheck = 1520;
				LastUpgradeCheck = 1520;
				TargetAttributes = {
					3FC8742C2B8BD6AE00770A17 = {
						CreatedOnToolsVersion = 15.2;
					};
				};
			};
			buildConfigurationList = 3FC874282B8BD6AE00770A17 /* Build configuration list for PBXProject "Reservy" */;
			compatibilityVersion = "Xcode 14.0";
			developmentRegion = en;
			hasScannedForEncodings = 0;
			knownRegions = (
				en,
				Base,
			);
			mainGroup = 3FC874242B8BD6AE00770A17;
			packageReferences = (
				3F78789A2BAB82A200C799C7 /* XCRemoteSwiftPackageReference "firebase-ios-sdk" */,
				3F4B1AB52BF6A42500556803 /* XCRemoteSwiftPackageReference "Alamofire" */,
			);
			productRefGroup = 3FC8742E2B8BD6AE00770A17 /* Products */;
			projectDirPath = "";
			projectRoot = "";
			targets = (
				3FC8742C2B8BD6AE00770A17 /* Reservy */,
			);
		};
/* End PBXProject section */

/* Begin PBXResourcesBuildPhase section */
		3FC8742B2B8BD6AE00770A17 /* Resources */ = {
			isa = PBXResourcesBuildPhase;
			buildActionMask = 2147483647;
			files = (
				3FC874382B8BD6AF00770A17 /* Preview Assets.xcassets in Resources */,
				3FC874352B8BD6AF00770A17 /* Assets.xcassets in Resources */,
				3F7878992BAB81C400C799C7 /* GoogleService-Info.plist in Resources */,
			);
			runOnlyForDeploymentPostprocessing = 0;
		};
/* End PBXResourcesBuildPhase section */

/* Begin PBXSourcesBuildPhase section */
		3FC874292B8BD6AE00770A17 /* Sources */ = {
			isa = PBXSourcesBuildPhase;
			buildActionMask = 2147483647;
			files = (
				3F3900D52BDEC28200E51AF4 /* SelectCityScreen.swift in Sources */,
				3F4B1AAB2BF6956500556803 /* RegisterViewModel.swift in Sources */,
				3F9692DA2C0E440500241109 /* CancelReservationRequest.swift in Sources */,
				3F4B1AA82BF6944D00556803 /* NetworkError.swift in Sources */,
				3F47FB672C0BCE5D009EA767 /* Hour.swift in Sources */,
				3F9692D52C0E3B5E00241109 /* ReservationsViewModel.swift in Sources */,
				3F3900DB2BDECAE600E51AF4 /* BusinessListScreen.swift in Sources */,
				3F4B1AB02BF6961500556803 /* ApiConstants.swift in Sources */,
				3F3900E42BDED43A00E51AF4 /* BusinessDetailItemRow.swift in Sources */,
				3F4432112C0655D900434223 /* UserDefaultsManager.swift in Sources */,
				3FE118ED2BE40CD8001DF5AB /* AuthManager.swift in Sources */,
				3F7516872C0CB16A00FA06F0 /* EmptyResponse.swift in Sources */,
				3F4B1AB22BF6992300556803 /* ErrorResponse.swift in Sources */,
				3FED20DF2C0525ED009E2F9F /* BaseResponse.swift in Sources */,
				3FCCC4F92BA65C1A001B52B7 /* RegisterScreen.swift in Sources */,
				3F4B1AA32BF6930600556803 /* User.swift in Sources */,
				3F3900DE2BDECD3900E51AF4 /* Business.swift in Sources */,
				3FC874442B8BDD2000770A17 /* SplashScreen.swift in Sources */,
				3FC874332B8BD6AE00770A17 /* ContentView.swift in Sources */,
				3F44320C2C0653F700434223 /* NetworkExtensions.swift in Sources */,
				3FED20DB2C052361009E2F9F /* LoginViewModel.swift in Sources */,
				3F4B1AAE2BF695C100556803 /* RegisterRequest.swift in Sources */,
				3F7516852C0CACEA00FA06F0 /* BookingRequest.swift in Sources */,
				3F3979692BA254DD0095E2A1 /* Assets.swift in Sources */,
				3F39796C2BA2591D0095E2A1 /* FilledButton.swift in Sources */,
				3F3900E02BDED0CC00E51AF4 /* BusinessDetailsScreen.swift in Sources */,
				3F4432132C06564B00434223 /* UserDefaultKeys.swift in Sources */,
				3F1A01432BA4F9FA008AB721 /* ViewExtensions.swift in Sources */,
				3F39796E2BA25A100095E2A1 /* PlainButton.swift in Sources */,
				3F91911F2BE2C3980081EEA0 /* EditProfileScreen.swift in Sources */,
				3F3900D72BDEC44C00E51AF4 /* HomeScreen.swift in Sources */,
				3F47FB632C0BCDB7009EA767 /* BookScreen.swift in Sources */,
				3FC874402B8BDA8A00770A17 /* Colors.swift in Sources */,
				3FE118E82BE401A0001DF5AB /* ReservationItemView.swift in Sources */,
				3F6FCE302C09021B0057B34E /* Workday.swift in Sources */,
				3FC874312B8BD6AE00770A17 /* ReservyApp.swift in Sources */,
				3F44320F2C06557400434223 /* HttpMethod.swift in Sources */,
				3F3900E22BDED34600E51AF4 /* IconButton.swift in Sources */,
				3F7B511E2C0D0D6A00BF610D /* UserRequest.swift in Sources */,
				3F47FB692C0BCF20009EA767 /* AvailableHoursRequest.swift in Sources */,
				3FED20DD2C052427009E2F9F /* LoginRequest.swift in Sources */,
				3F3979672BA2541E0095E2A1 /* LoginScreen.swift in Sources */,
				3F4432152C06627500434223 /* Location.swift in Sources */,
				3FE118E62BE40188001DF5AB /* ReservationsScreen.swift in Sources */,
				3F3900D92BDEC74E00E51AF4 /* BusinessItemView.swift in Sources */,
				3F4432172C06628500434223 /* Review.swift in Sources */,
				3F44321A2C06634E00434223 /* BusinessListViewModel.swift in Sources */,
				3F6FCE2E2C08FAA10057B34E /* ProfileViewModel.swift in Sources */,
				3F47FB652C0BCE1C009EA767 /* BookViewModel.swift in Sources */,
				3F9692D82C0E3D8800241109 /* ReservationStatus.swift in Sources */,
				3F4B1AA62BF6936D00556803 /* NetworkManager.swift in Sources */,
				3FE118EA2BE401F4001DF5AB /* Reservation.swift in Sources */,
				3F4005C82BE187FB002B7D5F /* ProfileScreen.swift in Sources */,
				3F4B1AB42BF6A0BA00556803 /* Endpoint.swift in Sources */,
				3F4005CA2BE18AD4002B7D5F /* ProfileSectionButton.swift in Sources */,
			);
			runOnlyForDeploymentPostprocessing = 0;
		};
/* End PBXSourcesBuildPhase section */

/* Begin XCBuildConfiguration section */
		3FC874392B8BD6AF00770A17 /* Debug */ = {
			isa = XCBuildConfiguration;
			buildSettings = {
				ALWAYS_SEARCH_USER_PATHS = NO;
				ASSETCATALOG_COMPILER_GENERATE_SWIFT_ASSET_SYMBOL_EXTENSIONS = YES;
				CLANG_ANALYZER_NONNULL = YES;
				CLANG_ANALYZER_NUMBER_OBJECT_CONVERSION = YES_AGGRESSIVE;
				CLANG_CXX_LANGUAGE_STANDARD = "gnu++20";
				CLANG_ENABLE_MODULES = YES;
				CLANG_ENABLE_OBJC_ARC = YES;
				CLANG_ENABLE_OBJC_WEAK = YES;
				CLANG_WARN_BLOCK_CAPTURE_AUTORELEASING = YES;
				CLANG_WARN_BOOL_CONVERSION = YES;
				CLANG_WARN_COMMA = YES;
				CLANG_WARN_CONSTANT_CONVERSION = YES;
				CLANG_WARN_DEPRECATED_OBJC_IMPLEMENTATIONS = YES;
				CLANG_WARN_DIRECT_OBJC_ISA_USAGE = YES_ERROR;
				CLANG_WARN_DOCUMENTATION_COMMENTS = YES;
				CLANG_WARN_EMPTY_BODY = YES;
				CLANG_WARN_ENUM_CONVERSION = YES;
				CLANG_WARN_INFINITE_RECURSION = YES;
				CLANG_WARN_INT_CONVERSION = YES;
				CLANG_WARN_NON_LITERAL_NULL_CONVERSION = YES;
				CLANG_WARN_OBJC_IMPLICIT_RETAIN_SELF = YES;
				CLANG_WARN_OBJC_LITERAL_CONVERSION = YES;
				CLANG_WARN_OBJC_ROOT_CLASS = YES_ERROR;
				CLANG_WARN_QUOTED_INCLUDE_IN_FRAMEWORK_HEADER = YES;
				CLANG_WARN_RANGE_LOOP_ANALYSIS = YES;
				CLANG_WARN_STRICT_PROTOTYPES = YES;
				CLANG_WARN_SUSPICIOUS_MOVE = YES;
				CLANG_WARN_UNGUARDED_AVAILABILITY = YES_AGGRESSIVE;
				CLANG_WARN_UNREACHABLE_CODE = YES;
				CLANG_WARN__DUPLICATE_METHOD_MATCH = YES;
				COPY_PHASE_STRIP = NO;
				DEBUG_INFORMATION_FORMAT = dwarf;
				ENABLE_STRICT_OBJC_MSGSEND = YES;
				ENABLE_TESTABILITY = YES;
				ENABLE_USER_SCRIPT_SANDBOXING = YES;
				GCC_C_LANGUAGE_STANDARD = gnu17;
				GCC_DYNAMIC_NO_PIC = NO;
				GCC_NO_COMMON_BLOCKS = YES;
				GCC_OPTIMIZATION_LEVEL = 0;
				GCC_PREPROCESSOR_DEFINITIONS = (
					"DEBUG=1",
					"$(inherited)",
				);
				GCC_WARN_64_TO_32_BIT_CONVERSION = YES;
				GCC_WARN_ABOUT_RETURN_TYPE = YES_ERROR;
				GCC_WARN_UNDECLARED_SELECTOR = YES;
				GCC_WARN_UNINITIALIZED_AUTOS = YES_AGGRESSIVE;
				GCC_WARN_UNUSED_FUNCTION = YES;
				GCC_WARN_UNUSED_VARIABLE = YES;
				IPHONEOS_DEPLOYMENT_TARGET = 17.2;
				LOCALIZATION_PREFERS_STRING_CATALOGS = YES;
				MTL_ENABLE_DEBUG_INFO = INCLUDE_SOURCE;
				MTL_FAST_MATH = YES;
				ONLY_ACTIVE_ARCH = YES;
				SDKROOT = iphoneos;
				SWIFT_ACTIVE_COMPILATION_CONDITIONS = "DEBUG $(inherited)";
				SWIFT_OPTIMIZATION_LEVEL = "-Onone";
			};
			name = Debug;
		};
		3FC8743A2B8BD6AF00770A17 /* Release */ = {
			isa = XCBuildConfiguration;
			buildSettings = {
				ALWAYS_SEARCH_USER_PATHS = NO;
				ASSETCATALOG_COMPILER_GENERATE_SWIFT_ASSET_SYMBOL_EXTENSIONS = YES;
				CLANG_ANALYZER_NONNULL = YES;
				CLANG_ANALYZER_NUMBER_OBJECT_CONVERSION = YES_AGGRESSIVE;
				CLANG_CXX_LANGUAGE_STANDARD = "gnu++20";
				CLANG_ENABLE_MODULES = YES;
				CLANG_ENABLE_OBJC_ARC = YES;
				CLANG_ENABLE_OBJC_WEAK = YES;
				CLANG_WARN_BLOCK_CAPTURE_AUTORELEASING = YES;
				CLANG_WARN_BOOL_CONVERSION = YES;
				CLANG_WARN_COMMA = YES;
				CLANG_WARN_CONSTANT_CONVERSION = YES;
				CLANG_WARN_DEPRECATED_OBJC_IMPLEMENTATIONS = YES;
				CLANG_WARN_DIRECT_OBJC_ISA_USAGE = YES_ERROR;
				CLANG_WARN_DOCUMENTATION_COMMENTS = YES;
				CLANG_WARN_EMPTY_BODY = YES;
				CLANG_WARN_ENUM_CONVERSION = YES;
				CLANG_WARN_INFINITE_RECURSION = YES;
				CLANG_WARN_INT_CONVERSION = YES;
				CLANG_WARN_NON_LITERAL_NULL_CONVERSION = YES;
				CLANG_WARN_OBJC_IMPLICIT_RETAIN_SELF = YES;
				CLANG_WARN_OBJC_LITERAL_CONVERSION = YES;
				CLANG_WARN_OBJC_ROOT_CLASS = YES_ERROR;
				CLANG_WARN_QUOTED_INCLUDE_IN_FRAMEWORK_HEADER = YES;
				CLANG_WARN_RANGE_LOOP_ANALYSIS = YES;
				CLANG_WARN_STRICT_PROTOTYPES = YES;
				CLANG_WARN_SUSPICIOUS_MOVE = YES;
				CLANG_WARN_UNGUARDED_AVAILABILITY = YES_AGGRESSIVE;
				CLANG_WARN_UNREACHABLE_CODE = YES;
				CLANG_WARN__DUPLICATE_METHOD_MATCH = YES;
				COPY_PHASE_STRIP = NO;
				DEBUG_INFORMATION_FORMAT = "dwarf-with-dsym";
				ENABLE_NS_ASSERTIONS = NO;
				ENABLE_STRICT_OBJC_MSGSEND = YES;
				ENABLE_USER_SCRIPT_SANDBOXING = YES;
				GCC_C_LANGUAGE_STANDARD = gnu17;
				GCC_NO_COMMON_BLOCKS = YES;
				GCC_WARN_64_TO_32_BIT_CONVERSION = YES;
				GCC_WARN_ABOUT_RETURN_TYPE = YES_ERROR;
				GCC_WARN_UNDECLARED_SELECTOR = YES;
				GCC_WARN_UNINITIALIZED_AUTOS = YES_AGGRESSIVE;
				GCC_WARN_UNUSED_FUNCTION = YES;
				GCC_WARN_UNUSED_VARIABLE = YES;
				IPHONEOS_DEPLOYMENT_TARGET = 17.2;
				LOCALIZATION_PREFERS_STRING_CATALOGS = YES;
				MTL_ENABLE_DEBUG_INFO = NO;
				MTL_FAST_MATH = YES;
				SDKROOT = iphoneos;
				SWIFT_COMPILATION_MODE = wholemodule;
				VALIDATE_PRODUCT = YES;
			};
			name = Release;
		};
		3FC8743C2B8BD6AF00770A17 /* Debug */ = {
			isa = XCBuildConfiguration;
			buildSettings = {
				ASSETCATALOG_COMPILER_APPICON_NAME = AppIcon;
				ASSETCATALOG_COMPILER_GLOBAL_ACCENT_COLOR_NAME = AccentColor;
				CODE_SIGN_STYLE = Automatic;
				CURRENT_PROJECT_VERSION = 1;
				DEVELOPMENT_ASSET_PATHS = "\"Reservy/Preview Content\"";
				DEVELOPMENT_TEAM = ZWW93GLY4S;
				ENABLE_PREVIEWS = YES;
				GENERATE_INFOPLIST_FILE = YES;
				INFOPLIST_FILE = Reservy/Info.plist;
				INFOPLIST_KEY_UIApplicationSceneManifest_Generation = YES;
				INFOPLIST_KEY_UIApplicationSupportsIndirectInputEvents = YES;
				INFOPLIST_KEY_UILaunchScreen_Generation = YES;
				INFOPLIST_KEY_UISupportedInterfaceOrientations_iPad = "UIInterfaceOrientationPortrait UIInterfaceOrientationPortraitUpsideDown UIInterfaceOrientationLandscapeLeft UIInterfaceOrientationLandscapeRight";
				INFOPLIST_KEY_UISupportedInterfaceOrientations_iPhone = "UIInterfaceOrientationPortrait UIInterfaceOrientationLandscapeLeft UIInterfaceOrientationLandscapeRight";
				LD_RUNPATH_SEARCH_PATHS = (
					"$(inherited)",
					"@executable_path/Frameworks",
				);
				MARKETING_VERSION = 1.0;
				PRODUCT_BUNDLE_IDENTIFIER = com.mlhysrszn.reservy;
				PRODUCT_NAME = "$(TARGET_NAME)";
				SWIFT_EMIT_LOC_STRINGS = YES;
				SWIFT_VERSION = 5.0;
				TARGETED_DEVICE_FAMILY = "1,2";
			};
			name = Debug;
		};
		3FC8743D2B8BD6AF00770A17 /* Release */ = {
			isa = XCBuildConfiguration;
			buildSettings = {
				ASSETCATALOG_COMPILER_APPICON_NAME = AppIcon;
				ASSETCATALOG_COMPILER_GLOBAL_ACCENT_COLOR_NAME = AccentColor;
				CODE_SIGN_STYLE = Automatic;
				CURRENT_PROJECT_VERSION = 1;
				DEVELOPMENT_ASSET_PATHS = "\"Reservy/Preview Content\"";
				DEVELOPMENT_TEAM = ZWW93GLY4S;
				ENABLE_PREVIEWS = YES;
				GENERATE_INFOPLIST_FILE = YES;
				INFOPLIST_FILE = Reservy/Info.plist;
				INFOPLIST_KEY_UIApplicationSceneManifest_Generation = YES;
				INFOPLIST_KEY_UIApplicationSupportsIndirectInputEvents = YES;
				INFOPLIST_KEY_UILaunchScreen_Generation = YES;
				INFOPLIST_KEY_UISupportedInterfaceOrientations_iPad = "UIInterfaceOrientationPortrait UIInterfaceOrientationPortraitUpsideDown UIInterfaceOrientationLandscapeLeft UIInterfaceOrientationLandscapeRight";
				INFOPLIST_KEY_UISupportedInterfaceOrientations_iPhone = "UIInterfaceOrientationPortrait UIInterfaceOrientationLandscapeLeft UIInterfaceOrientationLandscapeRight";
				LD_RUNPATH_SEARCH_PATHS = (
					"$(inherited)",
					"@executable_path/Frameworks",
				);
				MARKETING_VERSION = 1.0;
				PRODUCT_BUNDLE_IDENTIFIER = com.mlhysrszn.reservy;
				PRODUCT_NAME = "$(TARGET_NAME)";
				SWIFT_EMIT_LOC_STRINGS = YES;
				SWIFT_VERSION = 5.0;
				TARGETED_DEVICE_FAMILY = "1,2";
			};
			name = Release;
		};
/* End XCBuildConfiguration section */

/* Begin XCConfigurationList section */
		3FC874282B8BD6AE00770A17 /* Build configuration list for PBXProject "Reservy" */ = {
			isa = XCConfigurationList;
			buildConfigurations = (
				3FC874392B8BD6AF00770A17 /* Debug */,
				3FC8743A2B8BD6AF00770A17 /* Release */,
			);
			defaultConfigurationIsVisible = 0;
			defaultConfigurationName = Release;
		};
		3FC8743B2B8BD6AF00770A17 /* Build configuration list for PBXNativeTarget "Reservy" */ = {
			isa = XCConfigurationList;
			buildConfigurations = (
				3FC8743C2B8BD6AF00770A17 /* Debug */,
				3FC8743D2B8BD6AF00770A17 /* Release */,
			);
			defaultConfigurationIsVisible = 0;
			defaultConfigurationName = Release;
		};
/* End XCConfigurationList section */

/* Begin XCRemoteSwiftPackageReference section */
		3F4B1AB52BF6A42500556803 /* XCRemoteSwiftPackageReference "Alamofire" */ = {
			isa = XCRemoteSwiftPackageReference;
			repositoryURL = "https://github.com/Alamofire/Alamofire.git";
			requirement = {
				kind = upToNextMajorVersion;
				minimumVersion = 5.9.1;
			};
		};
		3F78789A2BAB82A200C799C7 /* XCRemoteSwiftPackageReference "firebase-ios-sdk" */ = {
			isa = XCRemoteSwiftPackageReference;
			repositoryURL = "https://github.com/firebase/firebase-ios-sdk";
			requirement = {
				kind = upToNextMajorVersion;
				minimumVersion = 10.23.0;
			};
		};
/* End XCRemoteSwiftPackageReference section */

/* Begin XCSwiftPackageProductDependency section */
		3F4B1AB62BF6A42500556803 /* Alamofire */ = {
			isa = XCSwiftPackageProductDependency;
			package = 3F4B1AB52BF6A42500556803 /* XCRemoteSwiftPackageReference "Alamofire" */;
			productName = Alamofire;
		};
		3F4B1AB82BF6A42500556803 /* AlamofireDynamic */ = {
			isa = XCSwiftPackageProductDependency;
			package = 3F4B1AB52BF6A42500556803 /* XCRemoteSwiftPackageReference "Alamofire" */;
			productName = AlamofireDynamic;
		};
		3F78789B2BAB82A200C799C7 /* FirebaseAnalytics */ = {
			isa = XCSwiftPackageProductDependency;
			package = 3F78789A2BAB82A200C799C7 /* XCRemoteSwiftPackageReference "firebase-ios-sdk" */;
			productName = FirebaseAnalytics;
		};
		3F78789D2BAB82A200C799C7 /* FirebaseAnalyticsOnDeviceConversion */ = {
			isa = XCSwiftPackageProductDependency;
			package = 3F78789A2BAB82A200C799C7 /* XCRemoteSwiftPackageReference "firebase-ios-sdk" */;
			productName = FirebaseAnalyticsOnDeviceConversion;
		};
		3F78789F2BAB82A200C799C7 /* FirebaseAnalyticsSwift */ = {
			isa = XCSwiftPackageProductDependency;
			package = 3F78789A2BAB82A200C799C7 /* XCRemoteSwiftPackageReference "firebase-ios-sdk" */;
			productName = FirebaseAnalyticsSwift;
		};
		3F7878A12BAB82A200C799C7 /* FirebaseAnalyticsWithoutAdIdSupport */ = {
			isa = XCSwiftPackageProductDependency;
			package = 3F78789A2BAB82A200C799C7 /* XCRemoteSwiftPackageReference "firebase-ios-sdk" */;
			productName = FirebaseAnalyticsWithoutAdIdSupport;
		};
		3F7878A32BAB82A200C799C7 /* FirebaseAppCheck */ = {
			isa = XCSwiftPackageProductDependency;
			package = 3F78789A2BAB82A200C799C7 /* XCRemoteSwiftPackageReference "firebase-ios-sdk" */;
			productName = FirebaseAppCheck;
		};
		3F7878A52BAB82A200C799C7 /* FirebaseAppDistribution-Beta */ = {
			isa = XCSwiftPackageProductDependency;
			package = 3F78789A2BAB82A200C799C7 /* XCRemoteSwiftPackageReference "firebase-ios-sdk" */;
			productName = "FirebaseAppDistribution-Beta";
		};
		3F7878A72BAB82A200C799C7 /* FirebaseAuth */ = {
			isa = XCSwiftPackageProductDependency;
			package = 3F78789A2BAB82A200C799C7 /* XCRemoteSwiftPackageReference "firebase-ios-sdk" */;
			productName = FirebaseAuth;
		};
		3F7878A92BAB82A200C799C7 /* FirebaseAuthCombine-Community */ = {
			isa = XCSwiftPackageProductDependency;
			package = 3F78789A2BAB82A200C799C7 /* XCRemoteSwiftPackageReference "firebase-ios-sdk" */;
			productName = "FirebaseAuthCombine-Community";
		};
		3F7878AB2BAB82A200C799C7 /* FirebaseCrashlytics */ = {
			isa = XCSwiftPackageProductDependency;
			package = 3F78789A2BAB82A200C799C7 /* XCRemoteSwiftPackageReference "firebase-ios-sdk" */;
			productName = FirebaseCrashlytics;
		};
		3F7878AD2BAB82A200C799C7 /* FirebaseDatabase */ = {
			isa = XCSwiftPackageProductDependency;
			package = 3F78789A2BAB82A200C799C7 /* XCRemoteSwiftPackageReference "firebase-ios-sdk" */;
			productName = FirebaseDatabase;
		};
		3F7878AF2BAB82A200C799C7 /* FirebaseDatabaseSwift */ = {
			isa = XCSwiftPackageProductDependency;
			package = 3F78789A2BAB82A200C799C7 /* XCRemoteSwiftPackageReference "firebase-ios-sdk" */;
			productName = FirebaseDatabaseSwift;
		};
		3F7878B12BAB82A200C799C7 /* FirebaseDynamicLinks */ = {
			isa = XCSwiftPackageProductDependency;
			package = 3F78789A2BAB82A200C799C7 /* XCRemoteSwiftPackageReference "firebase-ios-sdk" */;
			productName = FirebaseDynamicLinks;
		};
		3F7878B32BAB82A200C799C7 /* FirebaseFirestore */ = {
			isa = XCSwiftPackageProductDependency;
			package = 3F78789A2BAB82A200C799C7 /* XCRemoteSwiftPackageReference "firebase-ios-sdk" */;
			productName = FirebaseFirestore;
		};
		3F7878B52BAB82A200C799C7 /* FirebaseFirestoreCombine-Community */ = {
			isa = XCSwiftPackageProductDependency;
			package = 3F78789A2BAB82A200C799C7 /* XCRemoteSwiftPackageReference "firebase-ios-sdk" */;
			productName = "FirebaseFirestoreCombine-Community";
		};
		3F7878B72BAB82A200C799C7 /* FirebaseFirestoreSwift */ = {
			isa = XCSwiftPackageProductDependency;
			package = 3F78789A2BAB82A200C799C7 /* XCRemoteSwiftPackageReference "firebase-ios-sdk" */;
			productName = FirebaseFirestoreSwift;
		};
		3F7878B92BAB82A200C799C7 /* FirebaseFunctions */ = {
			isa = XCSwiftPackageProductDependency;
			package = 3F78789A2BAB82A200C799C7 /* XCRemoteSwiftPackageReference "firebase-ios-sdk" */;
			productName = FirebaseFunctions;
		};
		3F7878BB2BAB82A200C799C7 /* FirebaseFunctionsCombine-Community */ = {
			isa = XCSwiftPackageProductDependency;
			package = 3F78789A2BAB82A200C799C7 /* XCRemoteSwiftPackageReference "firebase-ios-sdk" */;
			productName = "FirebaseFunctionsCombine-Community";
		};
		3F7878BD2BAB82A200C799C7 /* FirebaseInAppMessaging-Beta */ = {
			isa = XCSwiftPackageProductDependency;
			package = 3F78789A2BAB82A200C799C7 /* XCRemoteSwiftPackageReference "firebase-ios-sdk" */;
			productName = "FirebaseInAppMessaging-Beta";
		};
		3F7878BF2BAB82A200C799C7 /* FirebaseInAppMessagingSwift-Beta */ = {
			isa = XCSwiftPackageProductDependency;
			package = 3F78789A2BAB82A200C799C7 /* XCRemoteSwiftPackageReference "firebase-ios-sdk" */;
			productName = "FirebaseInAppMessagingSwift-Beta";
		};
		3F7878C12BAB82A200C799C7 /* FirebaseInstallations */ = {
			isa = XCSwiftPackageProductDependency;
			package = 3F78789A2BAB82A200C799C7 /* XCRemoteSwiftPackageReference "firebase-ios-sdk" */;
			productName = FirebaseInstallations;
		};
		3F7878C32BAB82A200C799C7 /* FirebaseMLModelDownloader */ = {
			isa = XCSwiftPackageProductDependency;
			package = 3F78789A2BAB82A200C799C7 /* XCRemoteSwiftPackageReference "firebase-ios-sdk" */;
			productName = FirebaseMLModelDownloader;
		};
		3F7878C52BAB82A200C799C7 /* FirebaseMessaging */ = {
			isa = XCSwiftPackageProductDependency;
			package = 3F78789A2BAB82A200C799C7 /* XCRemoteSwiftPackageReference "firebase-ios-sdk" */;
			productName = FirebaseMessaging;
		};
		3F7878C72BAB82A200C799C7 /* FirebasePerformance */ = {
			isa = XCSwiftPackageProductDependency;
			package = 3F78789A2BAB82A200C799C7 /* XCRemoteSwiftPackageReference "firebase-ios-sdk" */;
			productName = FirebasePerformance;
		};
		3F7878C92BAB82A200C799C7 /* FirebaseRemoteConfig */ = {
			isa = XCSwiftPackageProductDependency;
			package = 3F78789A2BAB82A200C799C7 /* XCRemoteSwiftPackageReference "firebase-ios-sdk" */;
			productName = FirebaseRemoteConfig;
		};
		3F7878CB2BAB82A200C799C7 /* FirebaseRemoteConfigSwift */ = {
			isa = XCSwiftPackageProductDependency;
			package = 3F78789A2BAB82A200C799C7 /* XCRemoteSwiftPackageReference "firebase-ios-sdk" */;
			productName = FirebaseRemoteConfigSwift;
		};
		3F7878CD2BAB82A200C799C7 /* FirebaseStorage */ = {
			isa = XCSwiftPackageProductDependency;
			package = 3F78789A2BAB82A200C799C7 /* XCRemoteSwiftPackageReference "firebase-ios-sdk" */;
			productName = FirebaseStorage;
		};
		3F7878CF2BAB82A200C799C7 /* FirebaseStorageCombine-Community */ = {
			isa = XCSwiftPackageProductDependency;
			package = 3F78789A2BAB82A200C799C7 /* XCRemoteSwiftPackageReference "firebase-ios-sdk" */;
			productName = "FirebaseStorageCombine-Community";
		};
/* End XCSwiftPackageProductDependency section */
	};
	rootObject = 3FC874252B8BD6AE00770A17 /* Project object */;
}
